
Microsoft Visual Studio Solution File, Format Version 12.00
# Visual Studio Version 16
VisualStudioVersion = 16.0.29020.237
MinimumVisualStudioVersion = 10.0.40219.1
Project("{9A19103F-16F7-4668-BE54-9A1E7A4F7556}") = "VerticalTec.POS", "VerticalTec.POS\VerticalTec.POS.csproj", "{7AF03F5D-C38E-4100-957D-089DD28A1FFC}"
EndProject
Project("{FAE04EC0-301F-11D3-BF4B-00C04F79EFBC}") = "VerticalTec.POS.Printer", "VerticalTec.POS.Printer\VerticalTec.POS.Printer.csproj", "{162CE9F1-7C1E-4E7E-AE57-AAFCDBBFA1CB}"
EndProject
Project("{2150E333-8FDC-42A3-9474-1A3956D46DE8}") = "Test", "Test", "{0ABC6513-0FCA-43DE-8489-6A6F35FC6FFA}"
EndProject
Project("{FAE04EC0-301F-11D3-BF4B-00C04F79EFBC}") = "VerticalTec.POS.Printer.Test", "VerticalTec.POS.Printer.Test\VerticalTec.POS.Printer.Test.csproj", "{47C7ED3D-E3C6-465A-8C85-0145AAEACD7C}"
EndProject
Project("{2150E333-8FDC-42A3-9474-1A3956D46DE8}") = "WebService", "WebService", "{568A693B-4D82-4F52-8CC7-D4EB5792CF7A}"
EndProject
Project("{2150E333-8FDC-42A3-9474-1A3956D46DE8}") = "Service", "Service", "{81251C0C-16B3-40C2-A163-F67DFDD84E2B}"
EndProject
Project("{FAE04EC0-301F-11D3-BF4B-00C04F79EFBC}") = "VerticalTec.POS.Database", "VerticalTec.POS.Database\VerticalTec.POS.Database.csproj", "{5FB4B0F7-8B6C-4FA1-A7E8-4106E390DAFC}"
EndProject
Project("{FAE04EC0-301F-11D3-BF4B-00C04F79EFBC}") = "VerticalTec.POS.WebService.DataSync", "VerticalTec.POS.WebService.DataSync\VerticalTec.POS.WebService.DataSync.csproj", "{8EC23075-243A-4633-8606-4F227EDBF2D8}"
EndProject
Project("{FAE04EC0-301F-11D3-BF4B-00C04F79EFBC}") = "VerticalTec.POS.Service.DataSync", "VerticalTec.POS.Service.DataSync\VerticalTec.POS.Service.DataSync.csproj", "{9D064E00-DA51-4CA4-85F0-97B55C499B09}"
EndProject
Project("{FAE04EC0-301F-11D3-BF4B-00C04F79EFBC}") = "VerticalTec.POS.Service.DataSync.Test", "VerticalTec.POS.Service.DataSync.Test\VerticalTec.POS.Service.DataSync.Test.csproj", "{17400C10-2469-4869-AA98-1D138C7D5EBE}"
EndProject
Project("{54435603-DBB4-11D2-8724-00A0C9A8B90C}") = "VerticalTec.POS.Service.DataSync.Setup", "VerticalTec.POS.Service.DataSync.Setup\VerticalTec.POS.Service.DataSync.Setup.vdproj", "{A0879904-1E1C-4560-A83E-B6F9963316CA}"
EndProject
Project("{FAE04EC0-301F-11D3-BF4B-00C04F79EFBC}") = "VerticalTec.POS.Service.DataSync.Owin", "VerticalTec.POS.Service.DataSync.Owin\VerticalTec.POS.Service.DataSync.Owin.csproj", "{A0049E0C-5046-417A-9398-9D16565F7E8D}"
EndProject
Project("{2150E333-8FDC-42A3-9474-1A3956D46DE8}") = "Util", "Util", "{A5CDA704-6A82-4517-907B-6CA5864FC3A2}"
EndProject
Project("{FAE04EC0-301F-11D3-BF4B-00C04F79EFBC}") = "VerticalTec.POS.Utils", "VerticalTec.POS.Utils\VerticalTec.POS.Utils.csproj", "{2C5F4126-1A5E-4CA1-AA3B-B7BDCD6246EF}"
EndProject
Global
	GlobalSection(SolutionConfigurationPlatforms) = preSolution
		Debug|Any CPU = Debug|Any CPU
		Release|Any CPU = Release|Any CPU
	EndGlobalSection
	GlobalSection(ProjectConfigurationPlatforms) = postSolution
		{7AF03F5D-C38E-4100-957D-089DD28A1FFC}.Debug|Any CPU.ActiveCfg = Debug|Any CPU
		{7AF03F5D-C38E-4100-957D-089DD28A1FFC}.Debug|Any CPU.Build.0 = Debug|Any CPU
		{7AF03F5D-C38E-4100-957D-089DD28A1FFC}.Release|Any CPU.ActiveCfg = Release|Any CPU
		{7AF03F5D-C38E-4100-957D-089DD28A1FFC}.Release|Any CPU.Build.0 = Release|Any CPU
		{162CE9F1-7C1E-4E7E-AE57-AAFCDBBFA1CB}.Debug|Any CPU.ActiveCfg = Debug|Any CPU
		{162CE9F1-7C1E-4E7E-AE57-AAFCDBBFA1CB}.Debug|Any CPU.Build.0 = Debug|Any CPU
		{162CE9F1-7C1E-4E7E-AE57-AAFCDBBFA1CB}.Release|Any CPU.ActiveCfg = Release|Any CPU
		{162CE9F1-7C1E-4E7E-AE57-AAFCDBBFA1CB}.Release|Any CPU.Build.0 = Release|Any CPU
		{47C7ED3D-E3C6-465A-8C85-0145AAEACD7C}.Debug|Any CPU.ActiveCfg = Debug|Any CPU
		{47C7ED3D-E3C6-465A-8C85-0145AAEACD7C}.Debug|Any CPU.Build.0 = Debug|Any CPU
		{47C7ED3D-E3C6-465A-8C85-0145AAEACD7C}.Release|Any CPU.ActiveCfg = Release|Any CPU
		{47C7ED3D-E3C6-465A-8C85-0145AAEACD7C}.Release|Any CPU.Build.0 = Release|Any CPU
		{5FB4B0F7-8B6C-4FA1-A7E8-4106E390DAFC}.Debug|Any CPU.ActiveCfg = Debug|Any CPU
		{5FB4B0F7-8B6C-4FA1-A7E8-4106E390DAFC}.Debug|Any CPU.Build.0 = Debug|Any CPU
		{5FB4B0F7-8B6C-4FA1-A7E8-4106E390DAFC}.Release|Any CPU.ActiveCfg = Release|Any CPU
		{5FB4B0F7-8B6C-4FA1-A7E8-4106E390DAFC}.Release|Any CPU.Build.0 = Release|Any CPU
		{8EC23075-243A-4633-8606-4F227EDBF2D8}.Debug|Any CPU.ActiveCfg = Debug|Any CPU
		{8EC23075-243A-4633-8606-4F227EDBF2D8}.Debug|Any CPU.Build.0 = Debug|Any CPU
		{8EC23075-243A-4633-8606-4F227EDBF2D8}.Release|Any CPU.ActiveCfg = Release|Any CPU
		{8EC23075-243A-4633-8606-4F227EDBF2D8}.Release|Any CPU.Build.0 = Release|Any CPU
		{9D064E00-DA51-4CA4-85F0-97B55C499B09}.Debug|Any CPU.ActiveCfg = Debug|Any CPU
		{9D064E00-DA51-4CA4-85F0-97B55C499B09}.Debug|Any CPU.Build.0 = Debug|Any CPU
		{9D064E00-DA51-4CA4-85F0-97B55C499B09}.Release|Any CPU.ActiveCfg = Release|Any CPU
		{9D064E00-DA51-4CA4-85F0-97B55C499B09}.Release|Any CPU.Build.0 = Release|Any CPU
		{17400C10-2469-4869-AA98-1D138C7D5EBE}.Debug|Any CPU.ActiveCfg = Debug|Any CPU
		{17400C10-2469-4869-AA98-1D138C7D5EBE}.Debug|Any CPU.Build.0 = Debug|Any CPU
		{17400C10-2469-4869-AA98-1D138C7D5EBE}.Release|Any CPU.ActiveCfg = Release|Any CPU
		{17400C10-2469-4869-AA98-1D138C7D5EBE}.Release|Any CPU.Build.0 = Release|Any CPU
		{A0879904-1E1C-4560-A83E-B6F9963316CA}.Debug|Any CPU.ActiveCfg = Debug
		{A0879904-1E1C-4560-A83E-B6F9963316CA}.Release|Any CPU.ActiveCfg = Release
		{A0049E0C-5046-417A-9398-9D16565F7E8D}.Debug|Any CPU.ActiveCfg = Debug|Any CPU
		{A0049E0C-5046-417A-9398-9D16565F7E8D}.Debug|Any CPU.Build.0 = Debug|Any CPU
		{A0049E0C-5046-417A-9398-9D16565F7E8D}.Release|Any CPU.ActiveCfg = Release|Any CPU
		{A0049E0C-5046-417A-9398-9D16565F7E8D}.Release|Any CPU.Build.0 = Release|Any CPU
		{2C5F4126-1A5E-4CA1-AA3B-B7BDCD6246EF}.Debug|Any CPU.ActiveCfg = Debug|Any CPU
		{2C5F4126-1A5E-4CA1-AA3B-B7BDCD6246EF}.Debug|Any CPU.Build.0 = Debug|Any CPU
		{2C5F4126-1A5E-4CA1-AA3B-B7BDCD6246EF}.Release|Any CPU.ActiveCfg = Release|Any CPU
		{2C5F4126-1A5E-4CA1-AA3B-B7BDCD6246EF}.Release|Any CPU.Build.0 = Release|Any CPU
	EndGlobalSection
	GlobalSection(SolutionProperties) = preSolution
		HideSolutionNode = FALSE
	EndGlobalSection
	GlobalSection(NestedProjects) = preSolution
		{47C7ED3D-E3C6-465A-8C85-0145AAEACD7C} = {0ABC6513-0FCA-43DE-8489-6A6F35FC6FFA}
		{8EC23075-243A-4633-8606-4F227EDBF2D8} = {568A693B-4D82-4F52-8CC7-D4EB5792CF7A}
		{9D064E00-DA51-4CA4-85F0-97B55C499B09} = {81251C0C-16B3-40C2-A163-F67DFDD84E2B}
		{17400C10-2469-4869-AA98-1D138C7D5EBE} = {0ABC6513-0FCA-43DE-8489-6A6F35FC6FFA}
		{A0879904-1E1C-4560-A83E-B6F9963316CA} = {81251C0C-16B3-40C2-A163-F67DFDD84E2B}
		{A0049E0C-5046-417A-9398-9D16565F7E8D} = {81251C0C-16B3-40C2-A163-F67DFDD84E2B}
		{2C5F4126-1A5E-4CA1-AA3B-B7BDCD6246EF} = {A5CDA704-6A82-4517-907B-6CA5864FC3A2}
	EndGlobalSection
	GlobalSection(ExtensibilityGlobals) = postSolution
		SolutionGuid = {78C7C73D-61E1-4D50-8A64-4A27D7E782F9}
	EndGlobalSection
EndGlobal
