
Microsoft Visual Studio Solution File, Format Version 12.00
# Visual Studio Version 16
VisualStudioVersion = 16.0.29020.237
MinimumVisualStudioVersion = 10.0.40219.1
Project("{FAE04EC0-301F-11D3-BF4B-00C04F79EFBC}") = "VerticalTec.POS.Printer", "VerticalTec.POS.Printer\VerticalTec.POS.Printer.csproj", "{162CE9F1-7C1E-4E7E-AE57-AAFCDBBFA1CB}"
EndProject
Project("{FAE04EC0-301F-11D3-BF4B-00C04F79EFBC}") = "VerticalTec.POS.Printer.Test", "VerticalTec.POS.Printer.Test\VerticalTec.POS.Printer.Test.csproj", "{47C7ED3D-E3C6-465A-8C85-0145AAEACD7C}"
EndProject
Project("{FAE04EC0-301F-11D3-BF4B-00C04F79EFBC}") = "VerticalTec.POS.WebService.DataSync", "VerticalTec.POS.WebService.DataSync\VerticalTec.POS.WebService.DataSync.csproj", "{8EC23075-243A-4633-8606-4F227EDBF2D8}"
EndProject
Project("{FAE04EC0-301F-11D3-BF4B-00C04F79EFBC}") = "VerticalTec.POS.Service.DataSync", "VerticalTec.POS.Service.DataSync\VerticalTec.POS.Service.DataSync.csproj", "{9D064E00-DA51-4CA4-85F0-97B55C499B09}"
EndProject
Project("{FAE04EC0-301F-11D3-BF4B-00C04F79EFBC}") = "VerticalTec.POS.Service.DataSync.Owin", "VerticalTec.POS.Service.DataSync.Owin\VerticalTec.POS.Service.DataSync.Owin.csproj", "{A0049E0C-5046-417A-9398-9D16565F7E8D}"
EndProject
Project("{9A19103F-16F7-4668-BE54-9A1E7A4F7556}") = "VerticalTec.POS", "VerticalTec.POS\VerticalTec.POS.csproj", "{B6CAD7A7-3E51-42A0-8243-EAD31E1EF5E8}"
EndProject
Project("{9A19103F-16F7-4668-BE54-9A1E7A4F7556}") = "VerticalTec.POS.Database", "VerticalTec.POS.Database\VerticalTec.POS.Database.csproj", "{E53DD51B-96A1-4C49-A1E7-BD00758BC437}"
EndProject
Project("{9A19103F-16F7-4668-BE54-9A1E7A4F7556}") = "VerticalTec.POS.Utils", "VerticalTec.POS.Utils\VerticalTec.POS.Utils.csproj", "{EB612948-E7FD-4F3B-9DC6-26E1D631CE11}"
EndProject
Project("{9A19103F-16F7-4668-BE54-9A1E7A4F7556}") = "VerticalTec.POS.Test", "VerticalTec.POS.Test\VerticalTec.POS.Test.csproj", "{67BCD5DF-D4A2-47E9-B260-40D18FD7D356}"
EndProject
Project("{FAE04EC0-301F-11D3-BF4B-00C04F79EFBC}") = "VerticalTec.POS.Service.Ordering.Owin", "VerticalTec.POS.Service.Ordering.Owin\VerticalTec.POS.Service.Ordering.Owin.csproj", "{F47C6806-DFB9-4E2E-BDC9-456166DD7DF5}"
EndProject
Project("{FAE04EC0-301F-11D3-BF4B-00C04F79EFBC}") = "VerticalTec.POS.Service.Test", "VerticalTec.POS.Service.Test\VerticalTec.POS.Service.Test.csproj", "{D578E12A-1F6C-400E-8FCA-439C066A2814}"
EndProject
Project("{FAE04EC0-301F-11D3-BF4B-00C04F79EFBC}") = "VerticalTec.POS.Service.Ordering", "VerticalTec.POS.Service.Ordering\VerticalTec.POS.Service.Ordering.csproj", "{4F41FC6E-2C03-4FF1-98FE-81D8EF565CD8}"
EndProject
Project("{9A19103F-16F7-4668-BE54-9A1E7A4F7556}") = "RandomPrivateKeyGen", "RandomPrivateKeyGen\RandomPrivateKeyGen.csproj", "{9E97FB4B-F840-4A83-A1D2-E677F14B7EFB}"
EndProject
Project("{9A19103F-16F7-4668-BE54-9A1E7A4F7556}") = "VerticalTec.POS.Service.LiveUpdateClient", "VerticalTec.POS.Service.LiveUpdateClient\VerticalTec.POS.Service.LiveUpdateClient.csproj", "{0ABB4FA1-6824-4846-846C-7F507E5CAFB7}"
EndProject
Project("{9A19103F-16F7-4668-BE54-9A1E7A4F7556}") = "VerticalTec.POS.SyncHub", "VerticalTec.POS.SyncHub\VerticalTec.POS.SyncHub.csproj", "{7E8497FA-F052-436E-B27C-365A9ED65A7C}"
EndProject
Project("{54435603-DBB4-11D2-8724-00A0C9A8B90C}") = "OrderingServiceSetup", "OrderingServiceSetup\OrderingServiceSetup.vdproj", "{DF23A640-5E22-47F4-A26D-54972B6A0176}"
EndProject
Global
	GlobalSection(SolutionConfigurationPlatforms) = preSolution
		Debug|Any CPU = Debug|Any CPU
		Debug|iPhone = Debug|iPhone
		Debug|iPhoneSimulator = Debug|iPhoneSimulator
		Debug|x86 = Debug|x86
		Release|Any CPU = Release|Any CPU
		Release|iPhone = Release|iPhone
		Release|iPhoneSimulator = Release|iPhoneSimulator
		Release|x86 = Release|x86
	EndGlobalSection
	GlobalSection(ProjectConfigurationPlatforms) = postSolution
		{162CE9F1-7C1E-4E7E-AE57-AAFCDBBFA1CB}.Debug|Any CPU.ActiveCfg = Debug|Any CPU
		{162CE9F1-7C1E-4E7E-AE57-AAFCDBBFA1CB}.Debug|Any CPU.Build.0 = Debug|Any CPU
		{162CE9F1-7C1E-4E7E-AE57-AAFCDBBFA1CB}.Debug|iPhone.ActiveCfg = Debug|Any CPU
		{162CE9F1-7C1E-4E7E-AE57-AAFCDBBFA1CB}.Debug|iPhone.Build.0 = Debug|Any CPU
		{162CE9F1-7C1E-4E7E-AE57-AAFCDBBFA1CB}.Debug|iPhoneSimulator.ActiveCfg = Debug|Any CPU
		{162CE9F1-7C1E-4E7E-AE57-AAFCDBBFA1CB}.Debug|iPhoneSimulator.Build.0 = Debug|Any CPU
		{162CE9F1-7C1E-4E7E-AE57-AAFCDBBFA1CB}.Debug|x86.ActiveCfg = Debug|Any CPU
		{162CE9F1-7C1E-4E7E-AE57-AAFCDBBFA1CB}.Debug|x86.Build.0 = Debug|Any CPU
		{162CE9F1-7C1E-4E7E-AE57-AAFCDBBFA1CB}.Release|Any CPU.ActiveCfg = Release|Any CPU
		{162CE9F1-7C1E-4E7E-AE57-AAFCDBBFA1CB}.Release|Any CPU.Build.0 = Release|Any CPU
		{162CE9F1-7C1E-4E7E-AE57-AAFCDBBFA1CB}.Release|iPhone.ActiveCfg = Release|Any CPU
		{162CE9F1-7C1E-4E7E-AE57-AAFCDBBFA1CB}.Release|iPhone.Build.0 = Release|Any CPU
		{162CE9F1-7C1E-4E7E-AE57-AAFCDBBFA1CB}.Release|iPhoneSimulator.ActiveCfg = Release|Any CPU
		{162CE9F1-7C1E-4E7E-AE57-AAFCDBBFA1CB}.Release|iPhoneSimulator.Build.0 = Release|Any CPU
		{162CE9F1-7C1E-4E7E-AE57-AAFCDBBFA1CB}.Release|x86.ActiveCfg = Release|Any CPU
		{162CE9F1-7C1E-4E7E-AE57-AAFCDBBFA1CB}.Release|x86.Build.0 = Release|Any CPU
		{47C7ED3D-E3C6-465A-8C85-0145AAEACD7C}.Debug|Any CPU.ActiveCfg = Debug|Any CPU
		{47C7ED3D-E3C6-465A-8C85-0145AAEACD7C}.Debug|Any CPU.Build.0 = Debug|Any CPU
		{47C7ED3D-E3C6-465A-8C85-0145AAEACD7C}.Debug|iPhone.ActiveCfg = Debug|Any CPU
		{47C7ED3D-E3C6-465A-8C85-0145AAEACD7C}.Debug|iPhone.Build.0 = Debug|Any CPU
		{47C7ED3D-E3C6-465A-8C85-0145AAEACD7C}.Debug|iPhoneSimulator.ActiveCfg = Debug|Any CPU
		{47C7ED3D-E3C6-465A-8C85-0145AAEACD7C}.Debug|iPhoneSimulator.Build.0 = Debug|Any CPU
		{47C7ED3D-E3C6-465A-8C85-0145AAEACD7C}.Debug|x86.ActiveCfg = Debug|Any CPU
		{47C7ED3D-E3C6-465A-8C85-0145AAEACD7C}.Debug|x86.Build.0 = Debug|Any CPU
		{47C7ED3D-E3C6-465A-8C85-0145AAEACD7C}.Release|Any CPU.ActiveCfg = Release|Any CPU
		{47C7ED3D-E3C6-465A-8C85-0145AAEACD7C}.Release|Any CPU.Build.0 = Release|Any CPU
		{47C7ED3D-E3C6-465A-8C85-0145AAEACD7C}.Release|iPhone.ActiveCfg = Release|Any CPU
		{47C7ED3D-E3C6-465A-8C85-0145AAEACD7C}.Release|iPhone.Build.0 = Release|Any CPU
		{47C7ED3D-E3C6-465A-8C85-0145AAEACD7C}.Release|iPhoneSimulator.ActiveCfg = Release|Any CPU
		{47C7ED3D-E3C6-465A-8C85-0145AAEACD7C}.Release|iPhoneSimulator.Build.0 = Release|Any CPU
		{47C7ED3D-E3C6-465A-8C85-0145AAEACD7C}.Release|x86.ActiveCfg = Release|Any CPU
		{47C7ED3D-E3C6-465A-8C85-0145AAEACD7C}.Release|x86.Build.0 = Release|Any CPU
		{8EC23075-243A-4633-8606-4F227EDBF2D8}.Debug|Any CPU.ActiveCfg = Debug|Any CPU
		{8EC23075-243A-4633-8606-4F227EDBF2D8}.Debug|Any CPU.Build.0 = Debug|Any CPU
		{8EC23075-243A-4633-8606-4F227EDBF2D8}.Debug|iPhone.ActiveCfg = Debug|Any CPU
		{8EC23075-243A-4633-8606-4F227EDBF2D8}.Debug|iPhone.Build.0 = Debug|Any CPU
		{8EC23075-243A-4633-8606-4F227EDBF2D8}.Debug|iPhoneSimulator.ActiveCfg = Debug|Any CPU
		{8EC23075-243A-4633-8606-4F227EDBF2D8}.Debug|iPhoneSimulator.Build.0 = Debug|Any CPU
		{8EC23075-243A-4633-8606-4F227EDBF2D8}.Debug|x86.ActiveCfg = Debug|Any CPU
		{8EC23075-243A-4633-8606-4F227EDBF2D8}.Debug|x86.Build.0 = Debug|Any CPU
		{8EC23075-243A-4633-8606-4F227EDBF2D8}.Release|Any CPU.ActiveCfg = Release|Any CPU
		{8EC23075-243A-4633-8606-4F227EDBF2D8}.Release|Any CPU.Build.0 = Release|Any CPU
		{8EC23075-243A-4633-8606-4F227EDBF2D8}.Release|iPhone.ActiveCfg = Release|Any CPU
		{8EC23075-243A-4633-8606-4F227EDBF2D8}.Release|iPhone.Build.0 = Release|Any CPU
		{8EC23075-243A-4633-8606-4F227EDBF2D8}.Release|iPhoneSimulator.ActiveCfg = Release|Any CPU
		{8EC23075-243A-4633-8606-4F227EDBF2D8}.Release|iPhoneSimulator.Build.0 = Release|Any CPU
		{8EC23075-243A-4633-8606-4F227EDBF2D8}.Release|x86.ActiveCfg = Release|Any CPU
		{8EC23075-243A-4633-8606-4F227EDBF2D8}.Release|x86.Build.0 = Release|Any CPU
		{9D064E00-DA51-4CA4-85F0-97B55C499B09}.Debug|Any CPU.ActiveCfg = Debug|Any CPU
		{9D064E00-DA51-4CA4-85F0-97B55C499B09}.Debug|Any CPU.Build.0 = Debug|Any CPU
		{9D064E00-DA51-4CA4-85F0-97B55C499B09}.Debug|iPhone.ActiveCfg = Debug|Any CPU
		{9D064E00-DA51-4CA4-85F0-97B55C499B09}.Debug|iPhone.Build.0 = Debug|Any CPU
		{9D064E00-DA51-4CA4-85F0-97B55C499B09}.Debug|iPhoneSimulator.ActiveCfg = Debug|Any CPU
		{9D064E00-DA51-4CA4-85F0-97B55C499B09}.Debug|iPhoneSimulator.Build.0 = Debug|Any CPU
		{9D064E00-DA51-4CA4-85F0-97B55C499B09}.Debug|x86.ActiveCfg = Debug|Any CPU
		{9D064E00-DA51-4CA4-85F0-97B55C499B09}.Debug|x86.Build.0 = Debug|Any CPU
		{9D064E00-DA51-4CA4-85F0-97B55C499B09}.Release|Any CPU.ActiveCfg = Release|Any CPU
		{9D064E00-DA51-4CA4-85F0-97B55C499B09}.Release|Any CPU.Build.0 = Release|Any CPU
		{9D064E00-DA51-4CA4-85F0-97B55C499B09}.Release|iPhone.ActiveCfg = Release|Any CPU
		{9D064E00-DA51-4CA4-85F0-97B55C499B09}.Release|iPhone.Build.0 = Release|Any CPU
		{9D064E00-DA51-4CA4-85F0-97B55C499B09}.Release|iPhoneSimulator.ActiveCfg = Release|Any CPU
		{9D064E00-DA51-4CA4-85F0-97B55C499B09}.Release|iPhoneSimulator.Build.0 = Release|Any CPU
		{9D064E00-DA51-4CA4-85F0-97B55C499B09}.Release|x86.ActiveCfg = Release|Any CPU
		{9D064E00-DA51-4CA4-85F0-97B55C499B09}.Release|x86.Build.0 = Release|Any CPU
		{A0049E0C-5046-417A-9398-9D16565F7E8D}.Debug|Any CPU.ActiveCfg = Debug|Any CPU
		{A0049E0C-5046-417A-9398-9D16565F7E8D}.Debug|Any CPU.Build.0 = Debug|Any CPU
		{A0049E0C-5046-417A-9398-9D16565F7E8D}.Debug|iPhone.ActiveCfg = Debug|Any CPU
		{A0049E0C-5046-417A-9398-9D16565F7E8D}.Debug|iPhone.Build.0 = Debug|Any CPU
		{A0049E0C-5046-417A-9398-9D16565F7E8D}.Debug|iPhoneSimulator.ActiveCfg = Debug|Any CPU
		{A0049E0C-5046-417A-9398-9D16565F7E8D}.Debug|iPhoneSimulator.Build.0 = Debug|Any CPU
		{A0049E0C-5046-417A-9398-9D16565F7E8D}.Debug|x86.ActiveCfg = Debug|Any CPU
		{A0049E0C-5046-417A-9398-9D16565F7E8D}.Debug|x86.Build.0 = Debug|Any CPU
		{A0049E0C-5046-417A-9398-9D16565F7E8D}.Release|Any CPU.ActiveCfg = Release|Any CPU
		{A0049E0C-5046-417A-9398-9D16565F7E8D}.Release|Any CPU.Build.0 = Release|Any CPU
		{A0049E0C-5046-417A-9398-9D16565F7E8D}.Release|iPhone.ActiveCfg = Release|Any CPU
		{A0049E0C-5046-417A-9398-9D16565F7E8D}.Release|iPhone.Build.0 = Release|Any CPU
		{A0049E0C-5046-417A-9398-9D16565F7E8D}.Release|iPhoneSimulator.ActiveCfg = Release|Any CPU
		{A0049E0C-5046-417A-9398-9D16565F7E8D}.Release|iPhoneSimulator.Build.0 = Release|Any CPU
		{A0049E0C-5046-417A-9398-9D16565F7E8D}.Release|x86.ActiveCfg = Release|Any CPU
		{A0049E0C-5046-417A-9398-9D16565F7E8D}.Release|x86.Build.0 = Release|Any CPU
		{B6CAD7A7-3E51-42A0-8243-EAD31E1EF5E8}.Debug|Any CPU.ActiveCfg = Debug|Any CPU
		{B6CAD7A7-3E51-42A0-8243-EAD31E1EF5E8}.Debug|Any CPU.Build.0 = Debug|Any CPU
		{B6CAD7A7-3E51-42A0-8243-EAD31E1EF5E8}.Debug|iPhone.ActiveCfg = Debug|Any CPU
		{B6CAD7A7-3E51-42A0-8243-EAD31E1EF5E8}.Debug|iPhone.Build.0 = Debug|Any CPU
		{B6CAD7A7-3E51-42A0-8243-EAD31E1EF5E8}.Debug|iPhoneSimulator.ActiveCfg = Debug|Any CPU
		{B6CAD7A7-3E51-42A0-8243-EAD31E1EF5E8}.Debug|iPhoneSimulator.Build.0 = Debug|Any CPU
		{B6CAD7A7-3E51-42A0-8243-EAD31E1EF5E8}.Debug|x86.ActiveCfg = Debug|Any CPU
		{B6CAD7A7-3E51-42A0-8243-EAD31E1EF5E8}.Debug|x86.Build.0 = Debug|Any CPU
		{B6CAD7A7-3E51-42A0-8243-EAD31E1EF5E8}.Release|Any CPU.ActiveCfg = Release|Any CPU
		{B6CAD7A7-3E51-42A0-8243-EAD31E1EF5E8}.Release|Any CPU.Build.0 = Release|Any CPU
		{B6CAD7A7-3E51-42A0-8243-EAD31E1EF5E8}.Release|iPhone.ActiveCfg = Release|Any CPU
		{B6CAD7A7-3E51-42A0-8243-EAD31E1EF5E8}.Release|iPhone.Build.0 = Release|Any CPU
		{B6CAD7A7-3E51-42A0-8243-EAD31E1EF5E8}.Release|iPhoneSimulator.ActiveCfg = Release|Any CPU
		{B6CAD7A7-3E51-42A0-8243-EAD31E1EF5E8}.Release|iPhoneSimulator.Build.0 = Release|Any CPU
		{B6CAD7A7-3E51-42A0-8243-EAD31E1EF5E8}.Release|x86.ActiveCfg = Release|Any CPU
		{B6CAD7A7-3E51-42A0-8243-EAD31E1EF5E8}.Release|x86.Build.0 = Release|Any CPU
		{E53DD51B-96A1-4C49-A1E7-BD00758BC437}.Debug|Any CPU.ActiveCfg = Debug|Any CPU
		{E53DD51B-96A1-4C49-A1E7-BD00758BC437}.Debug|Any CPU.Build.0 = Debug|Any CPU
		{E53DD51B-96A1-4C49-A1E7-BD00758BC437}.Debug|iPhone.ActiveCfg = Debug|Any CPU
		{E53DD51B-96A1-4C49-A1E7-BD00758BC437}.Debug|iPhone.Build.0 = Debug|Any CPU
		{E53DD51B-96A1-4C49-A1E7-BD00758BC437}.Debug|iPhoneSimulator.ActiveCfg = Debug|Any CPU
		{E53DD51B-96A1-4C49-A1E7-BD00758BC437}.Debug|iPhoneSimulator.Build.0 = Debug|Any CPU
		{E53DD51B-96A1-4C49-A1E7-BD00758BC437}.Debug|x86.ActiveCfg = Debug|Any CPU
		{E53DD51B-96A1-4C49-A1E7-BD00758BC437}.Debug|x86.Build.0 = Debug|Any CPU
		{E53DD51B-96A1-4C49-A1E7-BD00758BC437}.Release|Any CPU.ActiveCfg = Release|Any CPU
		{E53DD51B-96A1-4C49-A1E7-BD00758BC437}.Release|Any CPU.Build.0 = Release|Any CPU
		{E53DD51B-96A1-4C49-A1E7-BD00758BC437}.Release|iPhone.ActiveCfg = Release|Any CPU
		{E53DD51B-96A1-4C49-A1E7-BD00758BC437}.Release|iPhone.Build.0 = Release|Any CPU
		{E53DD51B-96A1-4C49-A1E7-BD00758BC437}.Release|iPhoneSimulator.ActiveCfg = Release|Any CPU
		{E53DD51B-96A1-4C49-A1E7-BD00758BC437}.Release|iPhoneSimulator.Build.0 = Release|Any CPU
		{E53DD51B-96A1-4C49-A1E7-BD00758BC437}.Release|x86.ActiveCfg = Release|Any CPU
		{E53DD51B-96A1-4C49-A1E7-BD00758BC437}.Release|x86.Build.0 = Release|Any CPU
		{EB612948-E7FD-4F3B-9DC6-26E1D631CE11}.Debug|Any CPU.ActiveCfg = Debug|Any CPU
		{EB612948-E7FD-4F3B-9DC6-26E1D631CE11}.Debug|Any CPU.Build.0 = Debug|Any CPU
		{EB612948-E7FD-4F3B-9DC6-26E1D631CE11}.Debug|iPhone.ActiveCfg = Debug|Any CPU
		{EB612948-E7FD-4F3B-9DC6-26E1D631CE11}.Debug|iPhone.Build.0 = Debug|Any CPU
		{EB612948-E7FD-4F3B-9DC6-26E1D631CE11}.Debug|iPhoneSimulator.ActiveCfg = Debug|Any CPU
		{EB612948-E7FD-4F3B-9DC6-26E1D631CE11}.Debug|iPhoneSimulator.Build.0 = Debug|Any CPU
		{EB612948-E7FD-4F3B-9DC6-26E1D631CE11}.Debug|x86.ActiveCfg = Debug|Any CPU
		{EB612948-E7FD-4F3B-9DC6-26E1D631CE11}.Debug|x86.Build.0 = Debug|Any CPU
		{EB612948-E7FD-4F3B-9DC6-26E1D631CE11}.Release|Any CPU.ActiveCfg = Release|Any CPU
		{EB612948-E7FD-4F3B-9DC6-26E1D631CE11}.Release|Any CPU.Build.0 = Release|Any CPU
		{EB612948-E7FD-4F3B-9DC6-26E1D631CE11}.Release|iPhone.ActiveCfg = Release|Any CPU
		{EB612948-E7FD-4F3B-9DC6-26E1D631CE11}.Release|iPhone.Build.0 = Release|Any CPU
		{EB612948-E7FD-4F3B-9DC6-26E1D631CE11}.Release|iPhoneSimulator.ActiveCfg = Release|Any CPU
		{EB612948-E7FD-4F3B-9DC6-26E1D631CE11}.Release|iPhoneSimulator.Build.0 = Release|Any CPU
		{EB612948-E7FD-4F3B-9DC6-26E1D631CE11}.Release|x86.ActiveCfg = Release|Any CPU
		{EB612948-E7FD-4F3B-9DC6-26E1D631CE11}.Release|x86.Build.0 = Release|Any CPU
		{67BCD5DF-D4A2-47E9-B260-40D18FD7D356}.Debug|Any CPU.ActiveCfg = Debug|Any CPU
		{67BCD5DF-D4A2-47E9-B260-40D18FD7D356}.Debug|Any CPU.Build.0 = Debug|Any CPU
		{67BCD5DF-D4A2-47E9-B260-40D18FD7D356}.Debug|iPhone.ActiveCfg = Debug|Any CPU
		{67BCD5DF-D4A2-47E9-B260-40D18FD7D356}.Debug|iPhone.Build.0 = Debug|Any CPU
		{67BCD5DF-D4A2-47E9-B260-40D18FD7D356}.Debug|iPhoneSimulator.ActiveCfg = Debug|Any CPU
		{67BCD5DF-D4A2-47E9-B260-40D18FD7D356}.Debug|iPhoneSimulator.Build.0 = Debug|Any CPU
		{67BCD5DF-D4A2-47E9-B260-40D18FD7D356}.Debug|x86.ActiveCfg = Debug|Any CPU
		{67BCD5DF-D4A2-47E9-B260-40D18FD7D356}.Debug|x86.Build.0 = Debug|Any CPU
		{67BCD5DF-D4A2-47E9-B260-40D18FD7D356}.Release|Any CPU.ActiveCfg = Release|Any CPU
		{67BCD5DF-D4A2-47E9-B260-40D18FD7D356}.Release|Any CPU.Build.0 = Release|Any CPU
		{67BCD5DF-D4A2-47E9-B260-40D18FD7D356}.Release|iPhone.ActiveCfg = Release|Any CPU
		{67BCD5DF-D4A2-47E9-B260-40D18FD7D356}.Release|iPhone.Build.0 = Release|Any CPU
		{67BCD5DF-D4A2-47E9-B260-40D18FD7D356}.Release|iPhoneSimulator.ActiveCfg = Release|Any CPU
		{67BCD5DF-D4A2-47E9-B260-40D18FD7D356}.Release|iPhoneSimulator.Build.0 = Release|Any CPU
		{67BCD5DF-D4A2-47E9-B260-40D18FD7D356}.Release|x86.ActiveCfg = Release|Any CPU
		{67BCD5DF-D4A2-47E9-B260-40D18FD7D356}.Release|x86.Build.0 = Release|Any CPU
		{F47C6806-DFB9-4E2E-BDC9-456166DD7DF5}.Debug|Any CPU.ActiveCfg = Debug|Any CPU
		{F47C6806-DFB9-4E2E-BDC9-456166DD7DF5}.Debug|Any CPU.Build.0 = Debug|Any CPU
		{F47C6806-DFB9-4E2E-BDC9-456166DD7DF5}.Debug|iPhone.ActiveCfg = Debug|Any CPU
		{F47C6806-DFB9-4E2E-BDC9-456166DD7DF5}.Debug|iPhone.Build.0 = Debug|Any CPU
		{F47C6806-DFB9-4E2E-BDC9-456166DD7DF5}.Debug|iPhoneSimulator.ActiveCfg = Debug|Any CPU
		{F47C6806-DFB9-4E2E-BDC9-456166DD7DF5}.Debug|iPhoneSimulator.Build.0 = Debug|Any CPU
		{F47C6806-DFB9-4E2E-BDC9-456166DD7DF5}.Debug|x86.ActiveCfg = Debug|Any CPU
		{F47C6806-DFB9-4E2E-BDC9-456166DD7DF5}.Debug|x86.Build.0 = Debug|Any CPU
		{F47C6806-DFB9-4E2E-BDC9-456166DD7DF5}.Release|Any CPU.ActiveCfg = Release|Any CPU
		{F47C6806-DFB9-4E2E-BDC9-456166DD7DF5}.Release|Any CPU.Build.0 = Release|Any CPU
		{F47C6806-DFB9-4E2E-BDC9-456166DD7DF5}.Release|iPhone.ActiveCfg = Release|Any CPU
		{F47C6806-DFB9-4E2E-BDC9-456166DD7DF5}.Release|iPhone.Build.0 = Release|Any CPU
		{F47C6806-DFB9-4E2E-BDC9-456166DD7DF5}.Release|iPhoneSimulator.ActiveCfg = Release|Any CPU
		{F47C6806-DFB9-4E2E-BDC9-456166DD7DF5}.Release|iPhoneSimulator.Build.0 = Release|Any CPU
		{F47C6806-DFB9-4E2E-BDC9-456166DD7DF5}.Release|x86.ActiveCfg = Release|Any CPU
		{F47C6806-DFB9-4E2E-BDC9-456166DD7DF5}.Release|x86.Build.0 = Release|Any CPU
		{D578E12A-1F6C-400E-8FCA-439C066A2814}.Debug|Any CPU.ActiveCfg = Debug|Any CPU
		{D578E12A-1F6C-400E-8FCA-439C066A2814}.Debug|Any CPU.Build.0 = Debug|Any CPU
		{D578E12A-1F6C-400E-8FCA-439C066A2814}.Debug|iPhone.ActiveCfg = Debug|Any CPU
		{D578E12A-1F6C-400E-8FCA-439C066A2814}.Debug|iPhone.Build.0 = Debug|Any CPU
		{D578E12A-1F6C-400E-8FCA-439C066A2814}.Debug|iPhoneSimulator.ActiveCfg = Debug|Any CPU
		{D578E12A-1F6C-400E-8FCA-439C066A2814}.Debug|iPhoneSimulator.Build.0 = Debug|Any CPU
		{D578E12A-1F6C-400E-8FCA-439C066A2814}.Debug|x86.ActiveCfg = Debug|Any CPU
		{D578E12A-1F6C-400E-8FCA-439C066A2814}.Debug|x86.Build.0 = Debug|Any CPU
		{D578E12A-1F6C-400E-8FCA-439C066A2814}.Release|Any CPU.ActiveCfg = Release|Any CPU
		{D578E12A-1F6C-400E-8FCA-439C066A2814}.Release|Any CPU.Build.0 = Release|Any CPU
		{D578E12A-1F6C-400E-8FCA-439C066A2814}.Release|iPhone.ActiveCfg = Release|Any CPU
		{D578E12A-1F6C-400E-8FCA-439C066A2814}.Release|iPhone.Build.0 = Release|Any CPU
		{D578E12A-1F6C-400E-8FCA-439C066A2814}.Release|iPhoneSimulator.ActiveCfg = Release|Any CPU
		{D578E12A-1F6C-400E-8FCA-439C066A2814}.Release|iPhoneSimulator.Build.0 = Release|Any CPU
		{D578E12A-1F6C-400E-8FCA-439C066A2814}.Release|x86.ActiveCfg = Release|Any CPU
		{D578E12A-1F6C-400E-8FCA-439C066A2814}.Release|x86.Build.0 = Release|Any CPU
		{4F41FC6E-2C03-4FF1-98FE-81D8EF565CD8}.Debug|Any CPU.ActiveCfg = Debug|Any CPU
		{4F41FC6E-2C03-4FF1-98FE-81D8EF565CD8}.Debug|Any CPU.Build.0 = Debug|Any CPU
		{4F41FC6E-2C03-4FF1-98FE-81D8EF565CD8}.Debug|iPhone.ActiveCfg = Debug|Any CPU
		{4F41FC6E-2C03-4FF1-98FE-81D8EF565CD8}.Debug|iPhone.Build.0 = Debug|Any CPU
		{4F41FC6E-2C03-4FF1-98FE-81D8EF565CD8}.Debug|iPhoneSimulator.ActiveCfg = Debug|Any CPU
		{4F41FC6E-2C03-4FF1-98FE-81D8EF565CD8}.Debug|iPhoneSimulator.Build.0 = Debug|Any CPU
		{4F41FC6E-2C03-4FF1-98FE-81D8EF565CD8}.Debug|x86.ActiveCfg = Debug|Any CPU
		{4F41FC6E-2C03-4FF1-98FE-81D8EF565CD8}.Debug|x86.Build.0 = Debug|Any CPU
		{4F41FC6E-2C03-4FF1-98FE-81D8EF565CD8}.Release|Any CPU.ActiveCfg = Release|Any CPU
		{4F41FC6E-2C03-4FF1-98FE-81D8EF565CD8}.Release|Any CPU.Build.0 = Release|Any CPU
		{4F41FC6E-2C03-4FF1-98FE-81D8EF565CD8}.Release|iPhone.ActiveCfg = Release|Any CPU
		{4F41FC6E-2C03-4FF1-98FE-81D8EF565CD8}.Release|iPhone.Build.0 = Release|Any CPU
		{4F41FC6E-2C03-4FF1-98FE-81D8EF565CD8}.Release|iPhoneSimulator.ActiveCfg = Release|Any CPU
		{4F41FC6E-2C03-4FF1-98FE-81D8EF565CD8}.Release|iPhoneSimulator.Build.0 = Release|Any CPU
		{4F41FC6E-2C03-4FF1-98FE-81D8EF565CD8}.Release|x86.ActiveCfg = Release|Any CPU
		{4F41FC6E-2C03-4FF1-98FE-81D8EF565CD8}.Release|x86.Build.0 = Release|Any CPU
		{9E97FB4B-F840-4A83-A1D2-E677F14B7EFB}.Debug|Any CPU.ActiveCfg = Debug|Any CPU
		{9E97FB4B-F840-4A83-A1D2-E677F14B7EFB}.Debug|Any CPU.Build.0 = Debug|Any CPU
		{9E97FB4B-F840-4A83-A1D2-E677F14B7EFB}.Debug|iPhone.ActiveCfg = Debug|Any CPU
		{9E97FB4B-F840-4A83-A1D2-E677F14B7EFB}.Debug|iPhone.Build.0 = Debug|Any CPU
		{9E97FB4B-F840-4A83-A1D2-E677F14B7EFB}.Debug|iPhoneSimulator.ActiveCfg = Debug|Any CPU
		{9E97FB4B-F840-4A83-A1D2-E677F14B7EFB}.Debug|iPhoneSimulator.Build.0 = Debug|Any CPU
		{9E97FB4B-F840-4A83-A1D2-E677F14B7EFB}.Debug|x86.ActiveCfg = Debug|Any CPU
		{9E97FB4B-F840-4A83-A1D2-E677F14B7EFB}.Debug|x86.Build.0 = Debug|Any CPU
		{9E97FB4B-F840-4A83-A1D2-E677F14B7EFB}.Release|Any CPU.ActiveCfg = Release|Any CPU
		{9E97FB4B-F840-4A83-A1D2-E677F14B7EFB}.Release|Any CPU.Build.0 = Release|Any CPU
		{9E97FB4B-F840-4A83-A1D2-E677F14B7EFB}.Release|iPhone.ActiveCfg = Release|Any CPU
		{9E97FB4B-F840-4A83-A1D2-E677F14B7EFB}.Release|iPhone.Build.0 = Release|Any CPU
		{9E97FB4B-F840-4A83-A1D2-E677F14B7EFB}.Release|iPhoneSimulator.ActiveCfg = Release|Any CPU
		{9E97FB4B-F840-4A83-A1D2-E677F14B7EFB}.Release|iPhoneSimulator.Build.0 = Release|Any CPU
		{9E97FB4B-F840-4A83-A1D2-E677F14B7EFB}.Release|x86.ActiveCfg = Release|Any CPU
		{9E97FB4B-F840-4A83-A1D2-E677F14B7EFB}.Release|x86.Build.0 = Release|Any CPU
		{0ABB4FA1-6824-4846-846C-7F507E5CAFB7}.Debug|Any CPU.ActiveCfg = Debug|Any CPU
		{0ABB4FA1-6824-4846-846C-7F507E5CAFB7}.Debug|Any CPU.Build.0 = Debug|Any CPU
		{0ABB4FA1-6824-4846-846C-7F507E5CAFB7}.Debug|iPhone.ActiveCfg = Debug|Any CPU
		{0ABB4FA1-6824-4846-846C-7F507E5CAFB7}.Debug|iPhone.Build.0 = Debug|Any CPU
		{0ABB4FA1-6824-4846-846C-7F507E5CAFB7}.Debug|iPhoneSimulator.ActiveCfg = Debug|Any CPU
		{0ABB4FA1-6824-4846-846C-7F507E5CAFB7}.Debug|iPhoneSimulator.Build.0 = Debug|Any CPU
		{0ABB4FA1-6824-4846-846C-7F507E5CAFB7}.Debug|x86.ActiveCfg = Debug|Any CPU
		{0ABB4FA1-6824-4846-846C-7F507E5CAFB7}.Debug|x86.Build.0 = Debug|Any CPU
		{0ABB4FA1-6824-4846-846C-7F507E5CAFB7}.Release|Any CPU.ActiveCfg = Release|Any CPU
		{0ABB4FA1-6824-4846-846C-7F507E5CAFB7}.Release|Any CPU.Build.0 = Release|Any CPU
		{0ABB4FA1-6824-4846-846C-7F507E5CAFB7}.Release|iPhone.ActiveCfg = Release|Any CPU
		{0ABB4FA1-6824-4846-846C-7F507E5CAFB7}.Release|iPhone.Build.0 = Release|Any CPU
		{0ABB4FA1-6824-4846-846C-7F507E5CAFB7}.Release|iPhoneSimulator.ActiveCfg = Release|Any CPU
		{0ABB4FA1-6824-4846-846C-7F507E5CAFB7}.Release|iPhoneSimulator.Build.0 = Release|Any CPU
		{0ABB4FA1-6824-4846-846C-7F507E5CAFB7}.Release|x86.ActiveCfg = Release|Any CPU
		{0ABB4FA1-6824-4846-846C-7F507E5CAFB7}.Release|x86.Build.0 = Release|Any CPU
		{7E8497FA-F052-436E-B27C-365A9ED65A7C}.Debug|Any CPU.ActiveCfg = Debug|Any CPU
		{7E8497FA-F052-436E-B27C-365A9ED65A7C}.Debug|Any CPU.Build.0 = Debug|Any CPU
		{7E8497FA-F052-436E-B27C-365A9ED65A7C}.Debug|iPhone.ActiveCfg = Debug|Any CPU
		{7E8497FA-F052-436E-B27C-365A9ED65A7C}.Debug|iPhone.Build.0 = Debug|Any CPU
		{7E8497FA-F052-436E-B27C-365A9ED65A7C}.Debug|iPhoneSimulator.ActiveCfg = Debug|Any CPU
		{7E8497FA-F052-436E-B27C-365A9ED65A7C}.Debug|iPhoneSimulator.Build.0 = Debug|Any CPU
		{7E8497FA-F052-436E-B27C-365A9ED65A7C}.Debug|x86.ActiveCfg = Debug|Any CPU
		{7E8497FA-F052-436E-B27C-365A9ED65A7C}.Debug|x86.Build.0 = Debug|Any CPU
		{7E8497FA-F052-436E-B27C-365A9ED65A7C}.Release|Any CPU.ActiveCfg = Release|Any CPU
		{7E8497FA-F052-436E-B27C-365A9ED65A7C}.Release|Any CPU.Build.0 = Release|Any CPU
		{7E8497FA-F052-436E-B27C-365A9ED65A7C}.Release|iPhone.ActiveCfg = Release|Any CPU
		{7E8497FA-F052-436E-B27C-365A9ED65A7C}.Release|iPhone.Build.0 = Release|Any CPU
		{7E8497FA-F052-436E-B27C-365A9ED65A7C}.Release|iPhoneSimulator.ActiveCfg = Release|Any CPU
		{7E8497FA-F052-436E-B27C-365A9ED65A7C}.Release|iPhoneSimulator.Build.0 = Release|Any CPU
		{7E8497FA-F052-436E-B27C-365A9ED65A7C}.Release|x86.ActiveCfg = Release|Any CPU
		{7E8497FA-F052-436E-B27C-365A9ED65A7C}.Release|x86.Build.0 = Release|Any CPU
		{DF23A640-5E22-47F4-A26D-54972B6A0176}.Debug|Any CPU.ActiveCfg = Debug
		{DF23A640-5E22-47F4-A26D-54972B6A0176}.Debug|Any CPU.Build.0 = Debug
		{DF23A640-5E22-47F4-A26D-54972B6A0176}.Debug|iPhone.ActiveCfg = Debug
		{DF23A640-5E22-47F4-A26D-54972B6A0176}.Debug|iPhone.Build.0 = Debug
		{DF23A640-5E22-47F4-A26D-54972B6A0176}.Debug|iPhoneSimulator.ActiveCfg = Debug
		{DF23A640-5E22-47F4-A26D-54972B6A0176}.Debug|iPhoneSimulator.Build.0 = Debug
		{DF23A640-5E22-47F4-A26D-54972B6A0176}.Debug|x86.ActiveCfg = Debug
		{DF23A640-5E22-47F4-A26D-54972B6A0176}.Debug|x86.Build.0 = Debug
		{DF23A640-5E22-47F4-A26D-54972B6A0176}.Release|Any CPU.ActiveCfg = Release
		{DF23A640-5E22-47F4-A26D-54972B6A0176}.Release|Any CPU.Build.0 = Release
		{DF23A640-5E22-47F4-A26D-54972B6A0176}.Release|iPhone.ActiveCfg = Release
		{DF23A640-5E22-47F4-A26D-54972B6A0176}.Release|iPhone.Build.0 = Release
		{DF23A640-5E22-47F4-A26D-54972B6A0176}.Release|iPhoneSimulator.ActiveCfg = Release
		{DF23A640-5E22-47F4-A26D-54972B6A0176}.Release|iPhoneSimulator.Build.0 = Release
		{DF23A640-5E22-47F4-A26D-54972B6A0176}.Release|x86.ActiveCfg = Release
		{DF23A640-5E22-47F4-A26D-54972B6A0176}.Release|x86.Build.0 = Release
	EndGlobalSection
	GlobalSection(SolutionProperties) = preSolution
		HideSolutionNode = FALSE
	EndGlobalSection
	GlobalSection(ExtensibilityGlobals) = postSolution
		SolutionGuid = {78C7C73D-61E1-4D50-8A64-4A27D7E782F9}
	EndGlobalSection
EndGlobal
