
Microsoft Visual Studio Solution File, Format Version 12.00
# Visual Studio Version 16
VisualStudioVersion = 16.0.29020.237
MinimumVisualStudioVersion = 10.0.40219.1
Project("{FAE04EC0-301F-11D3-BF4B-00C04F79EFBC}") = "VerticalTec.POS.Printer", "VerticalTec.POS.Printer\VerticalTec.POS.Printer.csproj", "{162CE9F1-7C1E-4E7E-AE57-AAFCDBBFA1CB}"
EndProject
Project("{FAE04EC0-301F-11D3-BF4B-00C04F79EFBC}") = "VerticalTec.POS.Printer.Test", "VerticalTec.POS.Printer.Test\VerticalTec.POS.Printer.Test.csproj", "{47C7ED3D-E3C6-465A-8C85-0145AAEACD7C}"
EndProject
Project("{FAE04EC0-301F-11D3-BF4B-00C04F79EFBC}") = "VerticalTec.POS.WebService.DataSync", "VerticalTec.POS.WebService.DataSync\VerticalTec.POS.WebService.DataSync.csproj", "{8EC23075-243A-4633-8606-4F227EDBF2D8}"
EndProject
Project("{FAE04EC0-301F-11D3-BF4B-00C04F79EFBC}") = "VerticalTec.POS.Service.DataSync", "VerticalTec.POS.Service.DataSync\VerticalTec.POS.Service.DataSync.csproj", "{9D064E00-DA51-4CA4-85F0-97B55C499B09}"
EndProject
Project("{FAE04EC0-301F-11D3-BF4B-00C04F79EFBC}") = "VerticalTec.POS.Service.DataSync.Test", "VerticalTec.POS.Service.DataSync.Test\VerticalTec.POS.Service.DataSync.Test.csproj", "{17400C10-2469-4869-AA98-1D138C7D5EBE}"
EndProject
Project("{FAE04EC0-301F-11D3-BF4B-00C04F79EFBC}") = "VerticalTec.POS.Service.DataSync.Owin", "VerticalTec.POS.Service.DataSync.Owin\VerticalTec.POS.Service.DataSync.Owin.csproj", "{A0049E0C-5046-417A-9398-9D16565F7E8D}"
EndProject
Project("{2150E333-8FDC-42A3-9474-1A3956D46DE8}") = "WinService", "WinService", "{57A163AA-84E0-4C9B-A60A-143D02F2B4C3}"
EndProject
Project("{2150E333-8FDC-42A3-9474-1A3956D46DE8}") = "Web", "Web", "{645AF0E5-342F-431A-975B-C2283E3BDDB4}"
EndProject
Project("{2150E333-8FDC-42A3-9474-1A3956D46DE8}") = "Mobile", "Mobile", "{53B828CB-3CAB-4020-9B5E-DDBDB90B01D4}"
EndProject
Project("{2150E333-8FDC-42A3-9474-1A3956D46DE8}") = "Lib", "Lib", "{29D9EEF3-B40F-4F10-84F8-42D6F410520F}"
EndProject
Project("{9A19103F-16F7-4668-BE54-9A1E7A4F7556}") = "VerticalTec.POS.WebService.Ordering", "VerticalTec.POS.WebService.Ordering\VerticalTec.POS.WebService.Ordering.csproj", "{01196B5E-DF69-4C82-9494-81A3AC7F80E7}"
EndProject
Project("{9A19103F-16F7-4668-BE54-9A1E7A4F7556}") = "VerticalTec.POS", "VerticalTec.POS\VerticalTec.POS.csproj", "{B6CAD7A7-3E51-42A0-8243-EAD31E1EF5E8}"
EndProject
Project("{9A19103F-16F7-4668-BE54-9A1E7A4F7556}") = "VerticalTec.POS.Database", "VerticalTec.POS.Database\VerticalTec.POS.Database.csproj", "{E53DD51B-96A1-4C49-A1E7-BD00758BC437}"
EndProject
Project("{9A19103F-16F7-4668-BE54-9A1E7A4F7556}") = "VerticalTec.POS.Utils", "VerticalTec.POS.Utils\VerticalTec.POS.Utils.csproj", "{EB612948-E7FD-4F3B-9DC6-26E1D631CE11}"
EndProject
Project("{9A19103F-16F7-4668-BE54-9A1E7A4F7556}") = "VerticalTec.POS.Test", "VerticalTec.POS.Test\VerticalTec.POS.Test.csproj", "{67BCD5DF-D4A2-47E9-B260-40D18FD7D356}"
EndProject
Project("{FAE04EC0-301F-11D3-BF4B-00C04F79EFBC}") = "VerticalTec.POS.Service.Ordering", "VerticalTec.POS.Service.Ordering\VerticalTec.POS.Service.Ordering.csproj", "{4F41FC6E-2C03-4FF1-98FE-81D8EF565CD8}"
EndProject
Project("{9A19103F-16F7-4668-BE54-9A1E7A4F7556}") = "VerticalTec.POS.Report.Dashboard", "VerticalTec.POS.Report.Dashboard\VerticalTec.POS.Report.Dashboard.csproj", "{000A753E-9E26-4D46-92C4-4B191ACA5D57}"
EndProject
Project("{2150E333-8FDC-42A3-9474-1A3956D46DE8}") = "Report", "Report", "{08B971B5-6499-44A2-9607-417C0935C249}"
EndProject
Project("{9A19103F-16F7-4668-BE54-9A1E7A4F7556}") = "VerticalTec.POS.Report.Mobile", "VerticalTec.POS.Report.Mobile\VerticalTec.POS.Report.Mobile\VerticalTec.POS.Report.Mobile.csproj", "{0FA62049-5EE9-4F70-AE6E-149251AEC1F8}"
EndProject
Project("{FAE04EC0-301F-11D3-BF4B-00C04F79EFBC}") = "VerticalTec.POS.Report.Mobile.Android", "VerticalTec.POS.Report.Mobile\VerticalTec.POS.Report.Mobile.Android\VerticalTec.POS.Report.Mobile.Android.csproj", "{79595D67-5ADF-4DBD-9F2A-0CA1860FC1F6}"
EndProject
Project("{FAE04EC0-301F-11D3-BF4B-00C04F79EFBC}") = "VerticalTec.POS.Report.Mobile.iOS", "VerticalTec.POS.Report.Mobile\VerticalTec.POS.Report.Mobile.iOS\VerticalTec.POS.Report.Mobile.iOS.csproj", "{8CB4E70B-550F-421C-B1F6-C0B270ED2583}"
EndProject
Project("{2150E333-8FDC-42A3-9474-1A3956D46DE8}") = "Report", "Report", "{00EDC07D-DDA8-4922-992A-7DEB1E8CD358}"
EndProject
Project("{2150E333-8FDC-42A3-9474-1A3956D46DE8}") = "Ordering", "Ordering", "{D54526C9-9B57-4E58-A6FD-C55191E0F08B}"
EndProject
Project("{FAE04EC0-301F-11D3-BF4B-00C04F79EFBC}") = "VerticalTec.POS.Ordering.Mobile.Android", "VerticalTec.POS.Ordering.Mobile\VerticalTec.POS.Ordering.Mobile.Android\VerticalTec.POS.Ordering.Mobile.Android.csproj", "{08C43FD2-DF73-4F82-86F2-30FFCCBBA2AE}"
EndProject
Project("{FAE04EC0-301F-11D3-BF4B-00C04F79EFBC}") = "VerticalTec.POS.Ordering.Mobile.iOS", "VerticalTec.POS.Ordering.Mobile\VerticalTec.POS.Ordering.Mobile.iOS\VerticalTec.POS.Ordering.Mobile.iOS.csproj", "{3F1CBE22-5177-4773-AAF3-78B54495E230}"
EndProject
Project("{9A19103F-16F7-4668-BE54-9A1E7A4F7556}") = "VerticalTec.POS.Ordering.Mobile", "VerticalTec.POS.Ordering.Mobile\VerticalTec.POS.Ordering.Mobile\VerticalTec.POS.Ordering.Mobile.csproj", "{18E53395-F89B-4820-9DD0-E65752B4DEB1}"
EndProject
Project("{54435603-DBB4-11D2-8724-00A0C9A8B90C}") = "VerticalTec.POS.Service.DataSync.Setup", "VerticalTec.POS.Service.DataSync.Setup\VerticalTec.POS.Service.DataSync.Setup.vdproj", "{4F0C807F-A39C-45DB-BE4E-F3A93CA1296A}"
EndProject
Global
	GlobalSection(SolutionConfigurationPlatforms) = preSolution
		Debug|Any CPU = Debug|Any CPU
		Debug|iPhone = Debug|iPhone
		Debug|iPhoneSimulator = Debug|iPhoneSimulator
		Release|Any CPU = Release|Any CPU
		Release|iPhone = Release|iPhone
		Release|iPhoneSimulator = Release|iPhoneSimulator
	EndGlobalSection
	GlobalSection(ProjectConfigurationPlatforms) = postSolution
		{162CE9F1-7C1E-4E7E-AE57-AAFCDBBFA1CB}.Debug|Any CPU.ActiveCfg = Debug|Any CPU
		{162CE9F1-7C1E-4E7E-AE57-AAFCDBBFA1CB}.Debug|Any CPU.Build.0 = Debug|Any CPU
		{162CE9F1-7C1E-4E7E-AE57-AAFCDBBFA1CB}.Debug|iPhone.ActiveCfg = Debug|Any CPU
		{162CE9F1-7C1E-4E7E-AE57-AAFCDBBFA1CB}.Debug|iPhone.Build.0 = Debug|Any CPU
		{162CE9F1-7C1E-4E7E-AE57-AAFCDBBFA1CB}.Debug|iPhoneSimulator.ActiveCfg = Debug|Any CPU
		{162CE9F1-7C1E-4E7E-AE57-AAFCDBBFA1CB}.Debug|iPhoneSimulator.Build.0 = Debug|Any CPU
		{162CE9F1-7C1E-4E7E-AE57-AAFCDBBFA1CB}.Release|Any CPU.ActiveCfg = Release|Any CPU
		{162CE9F1-7C1E-4E7E-AE57-AAFCDBBFA1CB}.Release|Any CPU.Build.0 = Release|Any CPU
		{162CE9F1-7C1E-4E7E-AE57-AAFCDBBFA1CB}.Release|iPhone.ActiveCfg = Release|Any CPU
		{162CE9F1-7C1E-4E7E-AE57-AAFCDBBFA1CB}.Release|iPhone.Build.0 = Release|Any CPU
		{162CE9F1-7C1E-4E7E-AE57-AAFCDBBFA1CB}.Release|iPhoneSimulator.ActiveCfg = Release|Any CPU
		{162CE9F1-7C1E-4E7E-AE57-AAFCDBBFA1CB}.Release|iPhoneSimulator.Build.0 = Release|Any CPU
		{47C7ED3D-E3C6-465A-8C85-0145AAEACD7C}.Debug|Any CPU.ActiveCfg = Debug|Any CPU
		{47C7ED3D-E3C6-465A-8C85-0145AAEACD7C}.Debug|Any CPU.Build.0 = Debug|Any CPU
		{47C7ED3D-E3C6-465A-8C85-0145AAEACD7C}.Debug|iPhone.ActiveCfg = Debug|Any CPU
		{47C7ED3D-E3C6-465A-8C85-0145AAEACD7C}.Debug|iPhone.Build.0 = Debug|Any CPU
		{47C7ED3D-E3C6-465A-8C85-0145AAEACD7C}.Debug|iPhoneSimulator.ActiveCfg = Debug|Any CPU
		{47C7ED3D-E3C6-465A-8C85-0145AAEACD7C}.Debug|iPhoneSimulator.Build.0 = Debug|Any CPU
		{47C7ED3D-E3C6-465A-8C85-0145AAEACD7C}.Release|Any CPU.ActiveCfg = Release|Any CPU
		{47C7ED3D-E3C6-465A-8C85-0145AAEACD7C}.Release|Any CPU.Build.0 = Release|Any CPU
		{47C7ED3D-E3C6-465A-8C85-0145AAEACD7C}.Release|iPhone.ActiveCfg = Release|Any CPU
		{47C7ED3D-E3C6-465A-8C85-0145AAEACD7C}.Release|iPhone.Build.0 = Release|Any CPU
		{47C7ED3D-E3C6-465A-8C85-0145AAEACD7C}.Release|iPhoneSimulator.ActiveCfg = Release|Any CPU
		{47C7ED3D-E3C6-465A-8C85-0145AAEACD7C}.Release|iPhoneSimulator.Build.0 = Release|Any CPU
		{8EC23075-243A-4633-8606-4F227EDBF2D8}.Debug|Any CPU.ActiveCfg = Debug|Any CPU
		{8EC23075-243A-4633-8606-4F227EDBF2D8}.Debug|Any CPU.Build.0 = Debug|Any CPU
		{8EC23075-243A-4633-8606-4F227EDBF2D8}.Debug|iPhone.ActiveCfg = Debug|Any CPU
		{8EC23075-243A-4633-8606-4F227EDBF2D8}.Debug|iPhone.Build.0 = Debug|Any CPU
		{8EC23075-243A-4633-8606-4F227EDBF2D8}.Debug|iPhoneSimulator.ActiveCfg = Debug|Any CPU
		{8EC23075-243A-4633-8606-4F227EDBF2D8}.Debug|iPhoneSimulator.Build.0 = Debug|Any CPU
		{8EC23075-243A-4633-8606-4F227EDBF2D8}.Release|Any CPU.ActiveCfg = Release|Any CPU
		{8EC23075-243A-4633-8606-4F227EDBF2D8}.Release|Any CPU.Build.0 = Release|Any CPU
		{8EC23075-243A-4633-8606-4F227EDBF2D8}.Release|iPhone.ActiveCfg = Release|Any CPU
		{8EC23075-243A-4633-8606-4F227EDBF2D8}.Release|iPhone.Build.0 = Release|Any CPU
		{8EC23075-243A-4633-8606-4F227EDBF2D8}.Release|iPhoneSimulator.ActiveCfg = Release|Any CPU
		{8EC23075-243A-4633-8606-4F227EDBF2D8}.Release|iPhoneSimulator.Build.0 = Release|Any CPU
		{9D064E00-DA51-4CA4-85F0-97B55C499B09}.Debug|Any CPU.ActiveCfg = Debug|Any CPU
		{9D064E00-DA51-4CA4-85F0-97B55C499B09}.Debug|Any CPU.Build.0 = Debug|Any CPU
		{9D064E00-DA51-4CA4-85F0-97B55C499B09}.Debug|iPhone.ActiveCfg = Debug|Any CPU
		{9D064E00-DA51-4CA4-85F0-97B55C499B09}.Debug|iPhone.Build.0 = Debug|Any CPU
		{9D064E00-DA51-4CA4-85F0-97B55C499B09}.Debug|iPhoneSimulator.ActiveCfg = Debug|Any CPU
		{9D064E00-DA51-4CA4-85F0-97B55C499B09}.Debug|iPhoneSimulator.Build.0 = Debug|Any CPU
		{9D064E00-DA51-4CA4-85F0-97B55C499B09}.Release|Any CPU.ActiveCfg = Release|Any CPU
		{9D064E00-DA51-4CA4-85F0-97B55C499B09}.Release|Any CPU.Build.0 = Release|Any CPU
		{9D064E00-DA51-4CA4-85F0-97B55C499B09}.Release|iPhone.ActiveCfg = Release|Any CPU
		{9D064E00-DA51-4CA4-85F0-97B55C499B09}.Release|iPhone.Build.0 = Release|Any CPU
		{9D064E00-DA51-4CA4-85F0-97B55C499B09}.Release|iPhoneSimulator.ActiveCfg = Release|Any CPU
		{9D064E00-DA51-4CA4-85F0-97B55C499B09}.Release|iPhoneSimulator.Build.0 = Release|Any CPU
		{17400C10-2469-4869-AA98-1D138C7D5EBE}.Debug|Any CPU.ActiveCfg = Debug|Any CPU
		{17400C10-2469-4869-AA98-1D138C7D5EBE}.Debug|Any CPU.Build.0 = Debug|Any CPU
		{17400C10-2469-4869-AA98-1D138C7D5EBE}.Debug|iPhone.ActiveCfg = Debug|Any CPU
		{17400C10-2469-4869-AA98-1D138C7D5EBE}.Debug|iPhone.Build.0 = Debug|Any CPU
		{17400C10-2469-4869-AA98-1D138C7D5EBE}.Debug|iPhoneSimulator.ActiveCfg = Debug|Any CPU
		{17400C10-2469-4869-AA98-1D138C7D5EBE}.Debug|iPhoneSimulator.Build.0 = Debug|Any CPU
		{17400C10-2469-4869-AA98-1D138C7D5EBE}.Release|Any CPU.ActiveCfg = Release|Any CPU
		{17400C10-2469-4869-AA98-1D138C7D5EBE}.Release|Any CPU.Build.0 = Release|Any CPU
		{17400C10-2469-4869-AA98-1D138C7D5EBE}.Release|iPhone.ActiveCfg = Release|Any CPU
		{17400C10-2469-4869-AA98-1D138C7D5EBE}.Release|iPhone.Build.0 = Release|Any CPU
		{17400C10-2469-4869-AA98-1D138C7D5EBE}.Release|iPhoneSimulator.ActiveCfg = Release|Any CPU
		{17400C10-2469-4869-AA98-1D138C7D5EBE}.Release|iPhoneSimulator.Build.0 = Release|Any CPU
		{A0049E0C-5046-417A-9398-9D16565F7E8D}.Debug|Any CPU.ActiveCfg = Debug|Any CPU
		{A0049E0C-5046-417A-9398-9D16565F7E8D}.Debug|Any CPU.Build.0 = Debug|Any CPU
		{A0049E0C-5046-417A-9398-9D16565F7E8D}.Debug|iPhone.ActiveCfg = Debug|Any CPU
		{A0049E0C-5046-417A-9398-9D16565F7E8D}.Debug|iPhone.Build.0 = Debug|Any CPU
		{A0049E0C-5046-417A-9398-9D16565F7E8D}.Debug|iPhoneSimulator.ActiveCfg = Debug|Any CPU
		{A0049E0C-5046-417A-9398-9D16565F7E8D}.Debug|iPhoneSimulator.Build.0 = Debug|Any CPU
		{A0049E0C-5046-417A-9398-9D16565F7E8D}.Release|Any CPU.ActiveCfg = Release|Any CPU
		{A0049E0C-5046-417A-9398-9D16565F7E8D}.Release|Any CPU.Build.0 = Release|Any CPU
		{A0049E0C-5046-417A-9398-9D16565F7E8D}.Release|iPhone.ActiveCfg = Release|Any CPU
		{A0049E0C-5046-417A-9398-9D16565F7E8D}.Release|iPhone.Build.0 = Release|Any CPU
		{A0049E0C-5046-417A-9398-9D16565F7E8D}.Release|iPhoneSimulator.ActiveCfg = Release|Any CPU
		{A0049E0C-5046-417A-9398-9D16565F7E8D}.Release|iPhoneSimulator.Build.0 = Release|Any CPU
		{01196B5E-DF69-4C82-9494-81A3AC7F80E7}.Debug|Any CPU.ActiveCfg = Debug|Any CPU
		{01196B5E-DF69-4C82-9494-81A3AC7F80E7}.Debug|Any CPU.Build.0 = Debug|Any CPU
		{01196B5E-DF69-4C82-9494-81A3AC7F80E7}.Debug|iPhone.ActiveCfg = Debug|Any CPU
		{01196B5E-DF69-4C82-9494-81A3AC7F80E7}.Debug|iPhone.Build.0 = Debug|Any CPU
		{01196B5E-DF69-4C82-9494-81A3AC7F80E7}.Debug|iPhoneSimulator.ActiveCfg = Debug|Any CPU
		{01196B5E-DF69-4C82-9494-81A3AC7F80E7}.Debug|iPhoneSimulator.Build.0 = Debug|Any CPU
		{01196B5E-DF69-4C82-9494-81A3AC7F80E7}.Release|Any CPU.ActiveCfg = Release|Any CPU
		{01196B5E-DF69-4C82-9494-81A3AC7F80E7}.Release|Any CPU.Build.0 = Release|Any CPU
		{01196B5E-DF69-4C82-9494-81A3AC7F80E7}.Release|iPhone.ActiveCfg = Release|Any CPU
		{01196B5E-DF69-4C82-9494-81A3AC7F80E7}.Release|iPhone.Build.0 = Release|Any CPU
		{01196B5E-DF69-4C82-9494-81A3AC7F80E7}.Release|iPhoneSimulator.ActiveCfg = Release|Any CPU
		{01196B5E-DF69-4C82-9494-81A3AC7F80E7}.Release|iPhoneSimulator.Build.0 = Release|Any CPU
		{B6CAD7A7-3E51-42A0-8243-EAD31E1EF5E8}.Debug|Any CPU.ActiveCfg = Debug|Any CPU
		{B6CAD7A7-3E51-42A0-8243-EAD31E1EF5E8}.Debug|Any CPU.Build.0 = Debug|Any CPU
		{B6CAD7A7-3E51-42A0-8243-EAD31E1EF5E8}.Debug|iPhone.ActiveCfg = Debug|Any CPU
		{B6CAD7A7-3E51-42A0-8243-EAD31E1EF5E8}.Debug|iPhone.Build.0 = Debug|Any CPU
		{B6CAD7A7-3E51-42A0-8243-EAD31E1EF5E8}.Debug|iPhoneSimulator.ActiveCfg = Debug|Any CPU
		{B6CAD7A7-3E51-42A0-8243-EAD31E1EF5E8}.Debug|iPhoneSimulator.Build.0 = Debug|Any CPU
		{B6CAD7A7-3E51-42A0-8243-EAD31E1EF5E8}.Release|Any CPU.ActiveCfg = Release|Any CPU
		{B6CAD7A7-3E51-42A0-8243-EAD31E1EF5E8}.Release|Any CPU.Build.0 = Release|Any CPU
		{B6CAD7A7-3E51-42A0-8243-EAD31E1EF5E8}.Release|iPhone.ActiveCfg = Release|Any CPU
		{B6CAD7A7-3E51-42A0-8243-EAD31E1EF5E8}.Release|iPhone.Build.0 = Release|Any CPU
		{B6CAD7A7-3E51-42A0-8243-EAD31E1EF5E8}.Release|iPhoneSimulator.ActiveCfg = Release|Any CPU
		{B6CAD7A7-3E51-42A0-8243-EAD31E1EF5E8}.Release|iPhoneSimulator.Build.0 = Release|Any CPU
		{E53DD51B-96A1-4C49-A1E7-BD00758BC437}.Debug|Any CPU.ActiveCfg = Debug|Any CPU
		{E53DD51B-96A1-4C49-A1E7-BD00758BC437}.Debug|Any CPU.Build.0 = Debug|Any CPU
		{E53DD51B-96A1-4C49-A1E7-BD00758BC437}.Debug|iPhone.ActiveCfg = Debug|Any CPU
		{E53DD51B-96A1-4C49-A1E7-BD00758BC437}.Debug|iPhone.Build.0 = Debug|Any CPU
		{E53DD51B-96A1-4C49-A1E7-BD00758BC437}.Debug|iPhoneSimulator.ActiveCfg = Debug|Any CPU
		{E53DD51B-96A1-4C49-A1E7-BD00758BC437}.Debug|iPhoneSimulator.Build.0 = Debug|Any CPU
		{E53DD51B-96A1-4C49-A1E7-BD00758BC437}.Release|Any CPU.ActiveCfg = Release|Any CPU
		{E53DD51B-96A1-4C49-A1E7-BD00758BC437}.Release|Any CPU.Build.0 = Release|Any CPU
		{E53DD51B-96A1-4C49-A1E7-BD00758BC437}.Release|iPhone.ActiveCfg = Release|Any CPU
		{E53DD51B-96A1-4C49-A1E7-BD00758BC437}.Release|iPhone.Build.0 = Release|Any CPU
		{E53DD51B-96A1-4C49-A1E7-BD00758BC437}.Release|iPhoneSimulator.ActiveCfg = Release|Any CPU
		{E53DD51B-96A1-4C49-A1E7-BD00758BC437}.Release|iPhoneSimulator.Build.0 = Release|Any CPU
		{EB612948-E7FD-4F3B-9DC6-26E1D631CE11}.Debug|Any CPU.ActiveCfg = Debug|Any CPU
		{EB612948-E7FD-4F3B-9DC6-26E1D631CE11}.Debug|Any CPU.Build.0 = Debug|Any CPU
		{EB612948-E7FD-4F3B-9DC6-26E1D631CE11}.Debug|iPhone.ActiveCfg = Debug|Any CPU
		{EB612948-E7FD-4F3B-9DC6-26E1D631CE11}.Debug|iPhone.Build.0 = Debug|Any CPU
		{EB612948-E7FD-4F3B-9DC6-26E1D631CE11}.Debug|iPhoneSimulator.ActiveCfg = Debug|Any CPU
		{EB612948-E7FD-4F3B-9DC6-26E1D631CE11}.Debug|iPhoneSimulator.Build.0 = Debug|Any CPU
		{EB612948-E7FD-4F3B-9DC6-26E1D631CE11}.Release|Any CPU.ActiveCfg = Release|Any CPU
		{EB612948-E7FD-4F3B-9DC6-26E1D631CE11}.Release|Any CPU.Build.0 = Release|Any CPU
		{EB612948-E7FD-4F3B-9DC6-26E1D631CE11}.Release|iPhone.ActiveCfg = Release|Any CPU
		{EB612948-E7FD-4F3B-9DC6-26E1D631CE11}.Release|iPhone.Build.0 = Release|Any CPU
		{EB612948-E7FD-4F3B-9DC6-26E1D631CE11}.Release|iPhoneSimulator.ActiveCfg = Release|Any CPU
		{EB612948-E7FD-4F3B-9DC6-26E1D631CE11}.Release|iPhoneSimulator.Build.0 = Release|Any CPU
		{67BCD5DF-D4A2-47E9-B260-40D18FD7D356}.Debug|Any CPU.ActiveCfg = Debug|Any CPU
		{67BCD5DF-D4A2-47E9-B260-40D18FD7D356}.Debug|Any CPU.Build.0 = Debug|Any CPU
		{67BCD5DF-D4A2-47E9-B260-40D18FD7D356}.Debug|iPhone.ActiveCfg = Debug|Any CPU
		{67BCD5DF-D4A2-47E9-B260-40D18FD7D356}.Debug|iPhone.Build.0 = Debug|Any CPU
		{67BCD5DF-D4A2-47E9-B260-40D18FD7D356}.Debug|iPhoneSimulator.ActiveCfg = Debug|Any CPU
		{67BCD5DF-D4A2-47E9-B260-40D18FD7D356}.Debug|iPhoneSimulator.Build.0 = Debug|Any CPU
		{67BCD5DF-D4A2-47E9-B260-40D18FD7D356}.Release|Any CPU.ActiveCfg = Release|Any CPU
		{67BCD5DF-D4A2-47E9-B260-40D18FD7D356}.Release|Any CPU.Build.0 = Release|Any CPU
		{67BCD5DF-D4A2-47E9-B260-40D18FD7D356}.Release|iPhone.ActiveCfg = Release|Any CPU
		{67BCD5DF-D4A2-47E9-B260-40D18FD7D356}.Release|iPhone.Build.0 = Release|Any CPU
		{67BCD5DF-D4A2-47E9-B260-40D18FD7D356}.Release|iPhoneSimulator.ActiveCfg = Release|Any CPU
		{67BCD5DF-D4A2-47E9-B260-40D18FD7D356}.Release|iPhoneSimulator.Build.0 = Release|Any CPU
		{4F41FC6E-2C03-4FF1-98FE-81D8EF565CD8}.Debug|Any CPU.ActiveCfg = Debug|Any CPU
		{4F41FC6E-2C03-4FF1-98FE-81D8EF565CD8}.Debug|Any CPU.Build.0 = Debug|Any CPU
		{4F41FC6E-2C03-4FF1-98FE-81D8EF565CD8}.Debug|iPhone.ActiveCfg = Debug|Any CPU
		{4F41FC6E-2C03-4FF1-98FE-81D8EF565CD8}.Debug|iPhone.Build.0 = Debug|Any CPU
		{4F41FC6E-2C03-4FF1-98FE-81D8EF565CD8}.Debug|iPhoneSimulator.ActiveCfg = Debug|Any CPU
		{4F41FC6E-2C03-4FF1-98FE-81D8EF565CD8}.Debug|iPhoneSimulator.Build.0 = Debug|Any CPU
		{4F41FC6E-2C03-4FF1-98FE-81D8EF565CD8}.Release|Any CPU.ActiveCfg = Release|Any CPU
		{4F41FC6E-2C03-4FF1-98FE-81D8EF565CD8}.Release|Any CPU.Build.0 = Release|Any CPU
		{4F41FC6E-2C03-4FF1-98FE-81D8EF565CD8}.Release|iPhone.ActiveCfg = Release|Any CPU
		{4F41FC6E-2C03-4FF1-98FE-81D8EF565CD8}.Release|iPhone.Build.0 = Release|Any CPU
		{4F41FC6E-2C03-4FF1-98FE-81D8EF565CD8}.Release|iPhoneSimulator.ActiveCfg = Release|Any CPU
		{4F41FC6E-2C03-4FF1-98FE-81D8EF565CD8}.Release|iPhoneSimulator.Build.0 = Release|Any CPU
		{000A753E-9E26-4D46-92C4-4B191ACA5D57}.Debug|Any CPU.ActiveCfg = Debug|Any CPU
		{000A753E-9E26-4D46-92C4-4B191ACA5D57}.Debug|Any CPU.Build.0 = Debug|Any CPU
		{000A753E-9E26-4D46-92C4-4B191ACA5D57}.Debug|iPhone.ActiveCfg = Debug|Any CPU
		{000A753E-9E26-4D46-92C4-4B191ACA5D57}.Debug|iPhone.Build.0 = Debug|Any CPU
		{000A753E-9E26-4D46-92C4-4B191ACA5D57}.Debug|iPhoneSimulator.ActiveCfg = Debug|Any CPU
		{000A753E-9E26-4D46-92C4-4B191ACA5D57}.Debug|iPhoneSimulator.Build.0 = Debug|Any CPU
		{000A753E-9E26-4D46-92C4-4B191ACA5D57}.Release|Any CPU.ActiveCfg = Release|Any CPU
		{000A753E-9E26-4D46-92C4-4B191ACA5D57}.Release|Any CPU.Build.0 = Release|Any CPU
		{000A753E-9E26-4D46-92C4-4B191ACA5D57}.Release|iPhone.ActiveCfg = Release|Any CPU
		{000A753E-9E26-4D46-92C4-4B191ACA5D57}.Release|iPhone.Build.0 = Release|Any CPU
		{000A753E-9E26-4D46-92C4-4B191ACA5D57}.Release|iPhoneSimulator.ActiveCfg = Release|Any CPU
		{000A753E-9E26-4D46-92C4-4B191ACA5D57}.Release|iPhoneSimulator.Build.0 = Release|Any CPU
		{0FA62049-5EE9-4F70-AE6E-149251AEC1F8}.Debug|Any CPU.ActiveCfg = Debug|Any CPU
		{0FA62049-5EE9-4F70-AE6E-149251AEC1F8}.Debug|Any CPU.Build.0 = Debug|Any CPU
		{0FA62049-5EE9-4F70-AE6E-149251AEC1F8}.Debug|iPhone.ActiveCfg = Debug|Any CPU
		{0FA62049-5EE9-4F70-AE6E-149251AEC1F8}.Debug|iPhone.Build.0 = Debug|Any CPU
		{0FA62049-5EE9-4F70-AE6E-149251AEC1F8}.Debug|iPhoneSimulator.ActiveCfg = Debug|Any CPU
		{0FA62049-5EE9-4F70-AE6E-149251AEC1F8}.Debug|iPhoneSimulator.Build.0 = Debug|Any CPU
		{0FA62049-5EE9-4F70-AE6E-149251AEC1F8}.Release|Any CPU.ActiveCfg = Release|Any CPU
		{0FA62049-5EE9-4F70-AE6E-149251AEC1F8}.Release|Any CPU.Build.0 = Release|Any CPU
		{0FA62049-5EE9-4F70-AE6E-149251AEC1F8}.Release|iPhone.ActiveCfg = Release|Any CPU
		{0FA62049-5EE9-4F70-AE6E-149251AEC1F8}.Release|iPhone.Build.0 = Release|Any CPU
		{0FA62049-5EE9-4F70-AE6E-149251AEC1F8}.Release|iPhoneSimulator.ActiveCfg = Release|Any CPU
		{0FA62049-5EE9-4F70-AE6E-149251AEC1F8}.Release|iPhoneSimulator.Build.0 = Release|Any CPU
		{79595D67-5ADF-4DBD-9F2A-0CA1860FC1F6}.Debug|Any CPU.ActiveCfg = Debug|Any CPU
		{79595D67-5ADF-4DBD-9F2A-0CA1860FC1F6}.Debug|Any CPU.Build.0 = Debug|Any CPU
		{79595D67-5ADF-4DBD-9F2A-0CA1860FC1F6}.Debug|Any CPU.Deploy.0 = Debug|Any CPU
		{79595D67-5ADF-4DBD-9F2A-0CA1860FC1F6}.Debug|iPhone.ActiveCfg = Debug|Any CPU
		{79595D67-5ADF-4DBD-9F2A-0CA1860FC1F6}.Debug|iPhone.Build.0 = Debug|Any CPU
		{79595D67-5ADF-4DBD-9F2A-0CA1860FC1F6}.Debug|iPhone.Deploy.0 = Debug|Any CPU
		{79595D67-5ADF-4DBD-9F2A-0CA1860FC1F6}.Debug|iPhoneSimulator.ActiveCfg = Debug|Any CPU
		{79595D67-5ADF-4DBD-9F2A-0CA1860FC1F6}.Debug|iPhoneSimulator.Build.0 = Debug|Any CPU
		{79595D67-5ADF-4DBD-9F2A-0CA1860FC1F6}.Debug|iPhoneSimulator.Deploy.0 = Debug|Any CPU
		{79595D67-5ADF-4DBD-9F2A-0CA1860FC1F6}.Release|Any CPU.ActiveCfg = Release|Any CPU
		{79595D67-5ADF-4DBD-9F2A-0CA1860FC1F6}.Release|Any CPU.Build.0 = Release|Any CPU
		{79595D67-5ADF-4DBD-9F2A-0CA1860FC1F6}.Release|Any CPU.Deploy.0 = Release|Any CPU
		{79595D67-5ADF-4DBD-9F2A-0CA1860FC1F6}.Release|iPhone.ActiveCfg = Release|Any CPU
		{79595D67-5ADF-4DBD-9F2A-0CA1860FC1F6}.Release|iPhone.Build.0 = Release|Any CPU
		{79595D67-5ADF-4DBD-9F2A-0CA1860FC1F6}.Release|iPhone.Deploy.0 = Release|Any CPU
		{79595D67-5ADF-4DBD-9F2A-0CA1860FC1F6}.Release|iPhoneSimulator.ActiveCfg = Release|Any CPU
		{79595D67-5ADF-4DBD-9F2A-0CA1860FC1F6}.Release|iPhoneSimulator.Build.0 = Release|Any CPU
		{79595D67-5ADF-4DBD-9F2A-0CA1860FC1F6}.Release|iPhoneSimulator.Deploy.0 = Release|Any CPU
		{8CB4E70B-550F-421C-B1F6-C0B270ED2583}.Debug|Any CPU.ActiveCfg = Debug|iPhone
		{8CB4E70B-550F-421C-B1F6-C0B270ED2583}.Debug|iPhone.ActiveCfg = Debug|iPhone
		{8CB4E70B-550F-421C-B1F6-C0B270ED2583}.Debug|iPhone.Build.0 = Debug|iPhone
		{8CB4E70B-550F-421C-B1F6-C0B270ED2583}.Debug|iPhoneSimulator.ActiveCfg = Debug|iPhoneSimulator
		{8CB4E70B-550F-421C-B1F6-C0B270ED2583}.Debug|iPhoneSimulator.Build.0 = Debug|iPhoneSimulator
		{8CB4E70B-550F-421C-B1F6-C0B270ED2583}.Release|Any CPU.ActiveCfg = Release|iPhone
		{8CB4E70B-550F-421C-B1F6-C0B270ED2583}.Release|iPhone.ActiveCfg = Release|iPhone
		{8CB4E70B-550F-421C-B1F6-C0B270ED2583}.Release|iPhone.Build.0 = Release|iPhone
		{8CB4E70B-550F-421C-B1F6-C0B270ED2583}.Release|iPhoneSimulator.ActiveCfg = Release|iPhoneSimulator
		{8CB4E70B-550F-421C-B1F6-C0B270ED2583}.Release|iPhoneSimulator.Build.0 = Release|iPhoneSimulator
		{08C43FD2-DF73-4F82-86F2-30FFCCBBA2AE}.Debug|Any CPU.ActiveCfg = Debug|Any CPU
		{08C43FD2-DF73-4F82-86F2-30FFCCBBA2AE}.Debug|Any CPU.Build.0 = Debug|Any CPU
		{08C43FD2-DF73-4F82-86F2-30FFCCBBA2AE}.Debug|Any CPU.Deploy.0 = Debug|Any CPU
		{08C43FD2-DF73-4F82-86F2-30FFCCBBA2AE}.Debug|iPhone.ActiveCfg = Debug|Any CPU
		{08C43FD2-DF73-4F82-86F2-30FFCCBBA2AE}.Debug|iPhone.Build.0 = Debug|Any CPU
		{08C43FD2-DF73-4F82-86F2-30FFCCBBA2AE}.Debug|iPhone.Deploy.0 = Debug|Any CPU
		{08C43FD2-DF73-4F82-86F2-30FFCCBBA2AE}.Debug|iPhoneSimulator.ActiveCfg = Debug|Any CPU
		{08C43FD2-DF73-4F82-86F2-30FFCCBBA2AE}.Debug|iPhoneSimulator.Build.0 = Debug|Any CPU
		{08C43FD2-DF73-4F82-86F2-30FFCCBBA2AE}.Debug|iPhoneSimulator.Deploy.0 = Debug|Any CPU
		{08C43FD2-DF73-4F82-86F2-30FFCCBBA2AE}.Release|Any CPU.ActiveCfg = Release|Any CPU
		{08C43FD2-DF73-4F82-86F2-30FFCCBBA2AE}.Release|Any CPU.Build.0 = Release|Any CPU
		{08C43FD2-DF73-4F82-86F2-30FFCCBBA2AE}.Release|Any CPU.Deploy.0 = Release|Any CPU
		{08C43FD2-DF73-4F82-86F2-30FFCCBBA2AE}.Release|iPhone.ActiveCfg = Release|Any CPU
		{08C43FD2-DF73-4F82-86F2-30FFCCBBA2AE}.Release|iPhone.Build.0 = Release|Any CPU
		{08C43FD2-DF73-4F82-86F2-30FFCCBBA2AE}.Release|iPhone.Deploy.0 = Release|Any CPU
		{08C43FD2-DF73-4F82-86F2-30FFCCBBA2AE}.Release|iPhoneSimulator.ActiveCfg = Release|Any CPU
		{08C43FD2-DF73-4F82-86F2-30FFCCBBA2AE}.Release|iPhoneSimulator.Build.0 = Release|Any CPU
		{08C43FD2-DF73-4F82-86F2-30FFCCBBA2AE}.Release|iPhoneSimulator.Deploy.0 = Release|Any CPU
		{3F1CBE22-5177-4773-AAF3-78B54495E230}.Debug|Any CPU.ActiveCfg = Debug|iPhone
		{3F1CBE22-5177-4773-AAF3-78B54495E230}.Debug|iPhone.ActiveCfg = Debug|iPhone
		{3F1CBE22-5177-4773-AAF3-78B54495E230}.Debug|iPhone.Build.0 = Debug|iPhone
		{3F1CBE22-5177-4773-AAF3-78B54495E230}.Debug|iPhoneSimulator.ActiveCfg = Debug|iPhoneSimulator
		{3F1CBE22-5177-4773-AAF3-78B54495E230}.Debug|iPhoneSimulator.Build.0 = Debug|iPhoneSimulator
		{3F1CBE22-5177-4773-AAF3-78B54495E230}.Release|Any CPU.ActiveCfg = Release|iPhone
		{3F1CBE22-5177-4773-AAF3-78B54495E230}.Release|iPhone.ActiveCfg = Release|iPhone
		{3F1CBE22-5177-4773-AAF3-78B54495E230}.Release|iPhone.Build.0 = Release|iPhone
		{3F1CBE22-5177-4773-AAF3-78B54495E230}.Release|iPhoneSimulator.ActiveCfg = Release|iPhoneSimulator
		{3F1CBE22-5177-4773-AAF3-78B54495E230}.Release|iPhoneSimulator.Build.0 = Release|iPhoneSimulator
		{18E53395-F89B-4820-9DD0-E65752B4DEB1}.Debug|Any CPU.ActiveCfg = Debug|Any CPU
		{18E53395-F89B-4820-9DD0-E65752B4DEB1}.Debug|Any CPU.Build.0 = Debug|Any CPU
		{18E53395-F89B-4820-9DD0-E65752B4DEB1}.Debug|iPhone.ActiveCfg = Debug|Any CPU
		{18E53395-F89B-4820-9DD0-E65752B4DEB1}.Debug|iPhone.Build.0 = Debug|Any CPU
		{18E53395-F89B-4820-9DD0-E65752B4DEB1}.Debug|iPhoneSimulator.ActiveCfg = Debug|Any CPU
		{18E53395-F89B-4820-9DD0-E65752B4DEB1}.Debug|iPhoneSimulator.Build.0 = Debug|Any CPU
		{18E53395-F89B-4820-9DD0-E65752B4DEB1}.Release|Any CPU.ActiveCfg = Release|Any CPU
		{18E53395-F89B-4820-9DD0-E65752B4DEB1}.Release|Any CPU.Build.0 = Release|Any CPU
		{18E53395-F89B-4820-9DD0-E65752B4DEB1}.Release|iPhone.ActiveCfg = Release|Any CPU
		{18E53395-F89B-4820-9DD0-E65752B4DEB1}.Release|iPhone.Build.0 = Release|Any CPU
		{18E53395-F89B-4820-9DD0-E65752B4DEB1}.Release|iPhoneSimulator.ActiveCfg = Release|Any CPU
		{18E53395-F89B-4820-9DD0-E65752B4DEB1}.Release|iPhoneSimulator.Build.0 = Release|Any CPU
		{4F0C807F-A39C-45DB-BE4E-F3A93CA1296A}.Debug|Any CPU.ActiveCfg = Debug
		{4F0C807F-A39C-45DB-BE4E-F3A93CA1296A}.Debug|Any CPU.Build.0 = Debug
		{4F0C807F-A39C-45DB-BE4E-F3A93CA1296A}.Debug|iPhone.ActiveCfg = Debug
		{4F0C807F-A39C-45DB-BE4E-F3A93CA1296A}.Debug|iPhone.Build.0 = Debug
		{4F0C807F-A39C-45DB-BE4E-F3A93CA1296A}.Debug|iPhoneSimulator.ActiveCfg = Debug
		{4F0C807F-A39C-45DB-BE4E-F3A93CA1296A}.Debug|iPhoneSimulator.Build.0 = Debug
		{4F0C807F-A39C-45DB-BE4E-F3A93CA1296A}.Release|Any CPU.ActiveCfg = Release
		{4F0C807F-A39C-45DB-BE4E-F3A93CA1296A}.Release|Any CPU.Build.0 = Release
		{4F0C807F-A39C-45DB-BE4E-F3A93CA1296A}.Release|iPhone.ActiveCfg = Release
		{4F0C807F-A39C-45DB-BE4E-F3A93CA1296A}.Release|iPhone.Build.0 = Release
		{4F0C807F-A39C-45DB-BE4E-F3A93CA1296A}.Release|iPhoneSimulator.ActiveCfg = Release
		{4F0C807F-A39C-45DB-BE4E-F3A93CA1296A}.Release|iPhoneSimulator.Build.0 = Release
	EndGlobalSection
	GlobalSection(SolutionProperties) = preSolution
		HideSolutionNode = FALSE
	EndGlobalSection
	GlobalSection(NestedProjects) = preSolution
		{8EC23075-243A-4633-8606-4F227EDBF2D8} = {645AF0E5-342F-431A-975B-C2283E3BDDB4}
		{9D064E00-DA51-4CA4-85F0-97B55C499B09} = {57A163AA-84E0-4C9B-A60A-143D02F2B4C3}
		{17400C10-2469-4869-AA98-1D138C7D5EBE} = {57A163AA-84E0-4C9B-A60A-143D02F2B4C3}
		{A0049E0C-5046-417A-9398-9D16565F7E8D} = {57A163AA-84E0-4C9B-A60A-143D02F2B4C3}
		{01196B5E-DF69-4C82-9494-81A3AC7F80E7} = {645AF0E5-342F-431A-975B-C2283E3BDDB4}
		{B6CAD7A7-3E51-42A0-8243-EAD31E1EF5E8} = {29D9EEF3-B40F-4F10-84F8-42D6F410520F}
		{E53DD51B-96A1-4C49-A1E7-BD00758BC437} = {29D9EEF3-B40F-4F10-84F8-42D6F410520F}
		{EB612948-E7FD-4F3B-9DC6-26E1D631CE11} = {29D9EEF3-B40F-4F10-84F8-42D6F410520F}
		{67BCD5DF-D4A2-47E9-B260-40D18FD7D356} = {29D9EEF3-B40F-4F10-84F8-42D6F410520F}
		{4F41FC6E-2C03-4FF1-98FE-81D8EF565CD8} = {57A163AA-84E0-4C9B-A60A-143D02F2B4C3}
		{000A753E-9E26-4D46-92C4-4B191ACA5D57} = {00EDC07D-DDA8-4922-992A-7DEB1E8CD358}
		{08B971B5-6499-44A2-9607-417C0935C249} = {53B828CB-3CAB-4020-9B5E-DDBDB90B01D4}
		{0FA62049-5EE9-4F70-AE6E-149251AEC1F8} = {08B971B5-6499-44A2-9607-417C0935C249}
		{79595D67-5ADF-4DBD-9F2A-0CA1860FC1F6} = {08B971B5-6499-44A2-9607-417C0935C249}
		{8CB4E70B-550F-421C-B1F6-C0B270ED2583} = {08B971B5-6499-44A2-9607-417C0935C249}
		{00EDC07D-DDA8-4922-992A-7DEB1E8CD358} = {645AF0E5-342F-431A-975B-C2283E3BDDB4}
		{D54526C9-9B57-4E58-A6FD-C55191E0F08B} = {53B828CB-3CAB-4020-9B5E-DDBDB90B01D4}
		{08C43FD2-DF73-4F82-86F2-30FFCCBBA2AE} = {D54526C9-9B57-4E58-A6FD-C55191E0F08B}
		{3F1CBE22-5177-4773-AAF3-78B54495E230} = {D54526C9-9B57-4E58-A6FD-C55191E0F08B}
		{18E53395-F89B-4820-9DD0-E65752B4DEB1} = {D54526C9-9B57-4E58-A6FD-C55191E0F08B}
		{4F0C807F-A39C-45DB-BE4E-F3A93CA1296A} = {57A163AA-84E0-4C9B-A60A-143D02F2B4C3}
	EndGlobalSection
	GlobalSection(ExtensibilityGlobals) = postSolution
		SolutionGuid = {78C7C73D-61E1-4D50-8A64-4A27D7E782F9}
	EndGlobalSection
EndGlobal
